
Microsoft Visual Studio Solution File, Format Version 12.00
# Visual Studio Version 16
VisualStudioVersion = 16.0.29102.190
MinimumVisualStudioVersion = 10.0.40219.1
Project("{9A19103F-16F7-4668-BE54-9A1E7A4F7556}") = "RoomNaviMobile", "RoomNaviMobile\RoomNaviMobile\RoomNaviMobile.csproj", "{217548DE-CBED-4B28-B7E1-F4F120598B40}"
EndProject
Project("{FAE04EC0-301F-11D3-BF4B-00C04F79EFBC}") = "RoomNaviMobile.Android", "RoomNaviMobile\RoomNaviMobile.Android\RoomNaviMobile.Android.csproj", "{961B9E91-D7DE-40D6-9B7C-B31896FBA439}"
EndProject
Project("{FAE04EC0-301F-11D3-BF4B-00C04F79EFBC}") = "RoomNaviMobile.iOS", "RoomNaviMobile\RoomNaviMobile.iOS\RoomNaviMobile.iOS.csproj", "{39AE8204-5872-4BF0-9693-850C1C0E0D8E}"
EndProject
Global
	GlobalSection(SolutionConfigurationPlatforms) = preSolution
		Debug|Any CPU = Debug|Any CPU
		Debug|iPhone = Debug|iPhone
		Debug|iPhoneSimulator = Debug|iPhoneSimulator
		Release|Any CPU = Release|Any CPU
		Release|iPhone = Release|iPhone
		Release|iPhoneSimulator = Release|iPhoneSimulator
	EndGlobalSection
	GlobalSection(ProjectConfigurationPlatforms) = postSolution
		{217548DE-CBED-4B28-B7E1-F4F120598B40}.Debug|Any CPU.ActiveCfg = Debug|Any CPU
		{217548DE-CBED-4B28-B7E1-F4F120598B40}.Debug|Any CPU.Build.0 = Debug|Any CPU
		{217548DE-CBED-4B28-B7E1-F4F120598B40}.Debug|iPhone.ActiveCfg = Debug|Any CPU
		{217548DE-CBED-4B28-B7E1-F4F120598B40}.Debug|iPhone.Build.0 = Debug|Any CPU
		{217548DE-CBED-4B28-B7E1-F4F120598B40}.Debug|iPhoneSimulator.ActiveCfg = Debug|Any CPU
		{217548DE-CBED-4B28-B7E1-F4F120598B40}.Debug|iPhoneSimulator.Build.0 = Debug|Any CPU
		{217548DE-CBED-4B28-B7E1-F4F120598B40}.Release|Any CPU.ActiveCfg = Release|Any CPU
		{217548DE-CBED-4B28-B7E1-F4F120598B40}.Release|Any CPU.Build.0 = Release|Any CPU
		{217548DE-CBED-4B28-B7E1-F4F120598B40}.Release|iPhone.ActiveCfg = Release|Any CPU
		{217548DE-CBED-4B28-B7E1-F4F120598B40}.Release|iPhone.Build.0 = Release|Any CPU
		{217548DE-CBED-4B28-B7E1-F4F120598B40}.Release|iPhoneSimulator.ActiveCfg = Release|Any CPU
		{217548DE-CBED-4B28-B7E1-F4F120598B40}.Release|iPhoneSimulator.Build.0 = Release|Any CPU
		{961B9E91-D7DE-40D6-9B7C-B31896FBA439}.Debug|Any CPU.ActiveCfg = Debug|Any CPU
		{961B9E91-D7DE-40D6-9B7C-B31896FBA439}.Debug|Any CPU.Build.0 = Debug|Any CPU
		{961B9E91-D7DE-40D6-9B7C-B31896FBA439}.Debug|Any CPU.Deploy.0 = Debug|Any CPU
		{961B9E91-D7DE-40D6-9B7C-B31896FBA439}.Debug|iPhone.ActiveCfg = Debug|Any CPU
		{961B9E91-D7DE-40D6-9B7C-B31896FBA439}.Debug|iPhone.Build.0 = Debug|Any CPU
		{961B9E91-D7DE-40D6-9B7C-B31896FBA439}.Debug|iPhone.Deploy.0 = Debug|Any CPU
		{961B9E91-D7DE-40D6-9B7C-B31896FBA439}.Debug|iPhoneSimulator.ActiveCfg = Debug|Any CPU
		{961B9E91-D7DE-40D6-9B7C-B31896FBA439}.Debug|iPhoneSimulator.Build.0 = Debug|Any CPU
		{961B9E91-D7DE-40D6-9B7C-B31896FBA439}.Debug|iPhoneSimulator.Deploy.0 = Debug|Any CPU
		{961B9E91-D7DE-40D6-9B7C-B31896FBA439}.Release|Any CPU.ActiveCfg = Release|Any CPU
		{961B9E91-D7DE-40D6-9B7C-B31896FBA439}.Release|Any CPU.Build.0 = Release|Any CPU
		{961B9E91-D7DE-40D6-9B7C-B31896FBA439}.Release|Any CPU.Deploy.0 = Release|Any CPU
		{961B9E91-D7DE-40D6-9B7C-B31896FBA439}.Release|iPhone.ActiveCfg = Release|Any CPU
		{961B9E91-D7DE-40D6-9B7C-B31896FBA439}.Release|iPhone.Build.0 = Release|Any CPU
		{961B9E91-D7DE-40D6-9B7C-B31896FBA439}.Release|iPhone.Deploy.0 = Release|Any CPU
		{961B9E91-D7DE-40D6-9B7C-B31896FBA439}.Release|iPhoneSimulator.ActiveCfg = Release|Any CPU
		{961B9E91-D7DE-40D6-9B7C-B31896FBA439}.Release|iPhoneSimulator.Build.0 = Release|Any CPU
		{961B9E91-D7DE-40D6-9B7C-B31896FBA439}.Release|iPhoneSimulator.Deploy.0 = Release|Any CPU
		{39AE8204-5872-4BF0-9693-850C1C0E0D8E}.Debug|Any CPU.ActiveCfg = Debug|iPhone
		{39AE8204-5872-4BF0-9693-850C1C0E0D8E}.Debug|iPhone.ActiveCfg = Debug|iPhone
		{39AE8204-5872-4BF0-9693-850C1C0E0D8E}.Debug|iPhone.Build.0 = Debug|iPhone
		{39AE8204-5872-4BF0-9693-850C1C0E0D8E}.Debug|iPhoneSimulator.ActiveCfg = Debug|iPhoneSimulator
		{39AE8204-5872-4BF0-9693-850C1C0E0D8E}.Debug|iPhoneSimulator.Build.0 = Debug|iPhoneSimulator
		{39AE8204-5872-4BF0-9693-850C1C0E0D8E}.Release|Any CPU.ActiveCfg = Release|iPhone
		{39AE8204-5872-4BF0-9693-850C1C0E0D8E}.Release|iPhone.ActiveCfg = Release|iPhone
		{39AE8204-5872-4BF0-9693-850C1C0E0D8E}.Release|iPhone.Build.0 = Release|iPhone
		{39AE8204-5872-4BF0-9693-850C1C0E0D8E}.Release|iPhoneSimulator.ActiveCfg = Release|iPhoneSimulator
		{39AE8204-5872-4BF0-9693-850C1C0E0D8E}.Release|iPhoneSimulator.Build.0 = Release|iPhoneSimulator
	EndGlobalSection
	GlobalSection(SolutionProperties) = preSolution
		HideSolutionNode = FALSE
	EndGlobalSection
	GlobalSection(ExtensibilityGlobals) = postSolution
		SolutionGuid = {76A8AB6B-4D8C-4A55-B546-F9355757DAB0}
	EndGlobalSection
EndGlobal
